// !$*UTF8*$!
{
	archiveVersion = 1;
	classes = {
	};
	objectVersion = 77;
	objects = {

/* Begin PBXBuildFile section */
		3CB25F5B2E1EE109009F59A7 /* Trip.swift in Sources */ = {isa = PBXBuildFile; fileRef = 3CB25F5A2E1EE104009F59A7 /* Trip.swift */; };
		3CB25F5D2E1EE491009F59A7 /* Place.swift in Sources */ = {isa = PBXBuildFile; fileRef = 3CB25F5C2E1EE48E009F59A7 /* Place.swift */; };
/* End PBXBuildFile section */

/* Begin PBXContainerItemProxy section */
		3CB25F3E2E1EE02A009F59A7 /* PBXContainerItemProxy */ = {
			isa = PBXContainerItemProxy;
			containerPortal = 3CB25F262E1EE028009F59A7 /* Project object */;
			proxyType = 1;
			remoteGlobalIDString = 3CB25F2D2E1EE028009F59A7;
			remoteInfo = Pinvoy;
		};
		3CB25F482E1EE02A009F59A7 /* PBXContainerItemProxy */ = {
			isa = PBXContainerItemProxy;
			containerPortal = 3CB25F262E1EE028009F59A7 /* Project object */;
			proxyType = 1;
			remoteGlobalIDString = 3CB25F2D2E1EE028009F59A7;
			remoteInfo = Pinvoy;
		};
/* End PBXContainerItemProxy section */

/* Begin PBXFileReference section */
		3CB25F2E2E1EE028009F59A7 /* Pinvoy.app */ = {isa = PBXFileReference; explicitFileType = wrapper.application; includeInIndex = 0; path = Pinvoy.app; sourceTree = BUILT_PRODUCTS_DIR; };
		3CB25F3D2E1EE02A009F59A7 /* PinvoyTests.xctest */ = {isa = PBXFileReference; explicitFileType = wrapper.cfbundle; includeInIndex = 0; path = PinvoyTests.xctest; sourceTree = BUILT_PRODUCTS_DIR; };
		3CB25F472E1EE02A009F59A7 /* PinvoyUITests.xctest */ = {isa = PBXFileReference; explicitFileType = wrapper.cfbundle; includeInIndex = 0; path = PinvoyUITests.xctest; sourceTree = BUILT_PRODUCTS_DIR; };
		3CB25F5A2E1EE104009F59A7 /* Trip.swift */ = {isa = PBXFileReference; lastKnownFileType = sourcecode.swift; path = Trip.swift; sourceTree = "<group>"; };
		3CB25F5C2E1EE48E009F59A7 /* Place.swift */ = {isa = PBXFileReference; lastKnownFileType = sourcecode.swift; path = Place.swift; sourceTree = "<group>"; };
/* End PBXFileReference section */

/* Begin PBXFileSystemSynchronizedRootGroup section */
		3CB25F302E1EE028009F59A7 /* Pinvoy */ = {
			isa = PBXFileSystemSynchronizedRootGroup;
			path = Pinvoy;
			sourceTree = "<group>";
		};
		3CB25F402E1EE02A009F59A7 /* PinvoyTests */ = {
			isa = PBXFileSystemSynchronizedRootGroup;
			path = PinvoyTests;
			sourceTree = "<group>";
		};
		3CB25F4A2E1EE02A009F59A7 /* PinvoyUITests */ = {
			isa = PBXFileSystemSynchronizedRootGroup;
			path = PinvoyUITests;
			sourceTree = "<group>";
		};
/* End PBXFileSystemSynchronizedRootGroup section */

/* Begin PBXFrameworksBuildPhase section */
		3CB25F2B2E1EE028009F59A7 /* Frameworks */ = {
			isa = PBXFrameworksBuildPhase;
			buildActionMask = 2147483647;
			files = (
			);
			runOnlyForDeploymentPostprocessing = 0;
		};
		3CB25F3A2E1EE02A009F59A7 /* Frameworks */ = {
			isa = PBXFrameworksBuildPhase;
			buildActionMask = 2147483647;
			files = (
			);
			runOnlyForDeploymentPostprocessing = 0;
		};
		3CB25F442E1EE02A009F59A7 /* Frameworks */ = {
			isa = PBXFrameworksBuildPhase;
			buildActionMask = 2147483647;
			files = (
			);
			runOnlyForDeploymentPostprocessing = 0;
		};
/* End PBXFrameworksBuildPhase section */

/* Begin PBXGroup section */
		3CB25F252E1EE028009F59A7 = {
			isa = PBXGroup;
			children = (
				3CB25F302E1EE028009F59A7 /* Pinvoy */,
				3CB25F402E1EE02A009F59A7 /* PinvoyTests */,
				3CB25F4A2E1EE02A009F59A7 /* PinvoyUITests */,
				3CB25F2F2E1EE028009F59A7 /* Products */,
				3CB25F5A2E1EE104009F59A7 /* Trip.swift */,
				3CB25F5C2E1EE48E009F59A7 /* Place.swift */,
			);
			sourceTree = "<group>";
		};
		3CB25F2F2E1EE028009F59A7 /* Products */ = {
			isa = PBXGroup;
			children = (
				3CB25F2E2E1EE028009F59A7 /* Pinvoy.app */,
				3CB25F3D2E1EE02A009F59A7 /* PinvoyTests.xctest */,
				3CB25F472E1EE02A009F59A7 /* PinvoyUITests.xctest */,
			);
			name = Products;
			sourceTree = "<group>";
		};
/* End PBXGroup section */

/* Begin PBXNativeTarget section */
		3CB25F2D2E1EE028009F59A7 /* Pinvoy */ = {
			isa = PBXNativeTarget;
			buildConfigurationList = 3CB25F512E1EE02A009F59A7 /* Build configuration list for PBXNativeTarget "Pinvoy" */;
			buildPhases = (
				3CB25F2A2E1EE028009F59A7 /* Sources */,
				3CB25F2B2E1EE028009F59A7 /* Frameworks */,
				3CB25F2C2E1EE028009F59A7 /* Resources */,
			);
			buildRules = (
			);
			dependencies = (
			);
			fileSystemSynchronizedGroups = (
				3CB25F302E1EE028009F59A7 /* Pinvoy */,
			);
			name = Pinvoy;
			packageProductDependencies = (
			);
			productName = Pinvoy;
			productReference = 3CB25F2E2E1EE028009F59A7 /* Pinvoy.app */;
			productType = "com.apple.product-type.application";
		};
		3CB25F3C2E1EE02A009F59A7 /* PinvoyTests */ = {
			isa = PBXNativeTarget;
			buildConfigurationList = 3CB25F542E1EE02A009F59A7 /* Build configuration list for PBXNativeTarget "PinvoyTests" */;
			buildPhases = (
				3CB25F392E1EE02A009F59A7 /* Sources */,
				3CB25F3A2E1EE02A009F59A7 /* Frameworks */,
				3CB25F3B2E1EE02A009F59A7 /* Resources */,
			);
			buildRules = (
			);
			dependencies = (
				3CB25F3F2E1EE02A009F59A7 /* PBXTargetDependency */,
			);
			fileSystemSynchronizedGroups = (
				3CB25F402E1EE02A009F59A7 /* PinvoyTests */,
			);
			name = PinvoyTests;
			packageProductDependencies = (
			);
			productName = PinvoyTests;
			productReference = 3CB25F3D2E1EE02A009F59A7 /* PinvoyTests.xctest */;
			productType = "com.apple.product-type.bundle.unit-test";
		};
		3CB25F462E1EE02A009F59A7 /* PinvoyUITests */ = {
			isa = PBXNativeTarget;
			buildConfigurationList = 3CB25F572E1EE02A009F59A7 /* Build configuration list for PBXNativeTarget "PinvoyUITests" */;
			buildPhases = (
				3CB25F432E1EE02A009F59A7 /* Sources */,
				3CB25F442E1EE02A009F59A7 /* Frameworks */,
				3CB25F452E1EE02A009F59A7 /* Resources */,
			);
			buildRules = (
			);
			dependencies = (
				3CB25F492E1EE02A009F59A7 /* PBXTargetDependency */,
			);
			fileSystemSynchronizedGroups = (
				3CB25F4A2E1EE02A009F59A7 /* PinvoyUITests */,
			);
			name = PinvoyUITests;
			packageProductDependencies = (
			);
			productName = PinvoyUITests;
			productReference = 3CB25F472E1EE02A009F59A7 /* PinvoyUITests.xctest */;
			productType = "com.apple.product-type.bundle.ui-testing";
		};
/* End PBXNativeTarget section */

/* Begin PBXProject section */
		3CB25F262E1EE028009F59A7 /* Project object */ = {
			isa = PBXProject;
			attributes = {
				BuildIndependentTargetsInParallel = 1;
				LastSwiftUpdateCheck = 1640;
				LastUpgradeCheck = 1640;
				TargetAttributes = {
					3CB25F2D2E1EE028009F59A7 = {
						CreatedOnToolsVersion = 16.4;
					};
					3CB25F3C2E1EE02A009F59A7 = {
						CreatedOnToolsVersion = 16.4;
						TestTargetID = 3CB25F2D2E1EE028009F59A7;
					};
					3CB25F462E1EE02A009F59A7 = {
						CreatedOnToolsVersion = 16.4;
						TestTargetID = 3CB25F2D2E1EE028009F59A7;
					};
				};
			};
			buildConfigurationList = 3CB25F292E1EE028009F59A7 /* Build configuration list for PBXProject "Pinvoy" */;
			developmentRegion = en;
			hasScannedForEncodings = 0;
			knownRegions = (
				en,
				Base,
			);
			mainGroup = 3CB25F252E1EE028009F59A7;
			minimizedProjectReferenceProxies = 1;
			preferredProjectObjectVersion = 77;
			productRefGroup = 3CB25F2F2E1EE028009F59A7 /* Products */;
			projectDirPath = "";
			projectRoot = "";
			targets = (
				3CB25F2D2E1EE028009F59A7 /* Pinvoy */,
				3CB25F3C2E1EE02A009F59A7 /* PinvoyTests */,
				3CB25F462E1EE02A009F59A7 /* PinvoyUITests */,
			);
		};
/* End PBXProject section */

/* Begin PBXResourcesBuildPhase section */
		3CB25F2C2E1EE028009F59A7 /* Resources */ = {
			isa = PBXResourcesBuildPhase;
			buildActionMask = 2147483647;
			files = (
			);
			runOnlyForDeploymentPostprocessing = 0;
		};
		3CB25F3B2E1EE02A009F59A7 /* Resources */ = {
			isa = PBXResourcesBuildPhase;
			buildActionMask = 2147483647;
			files = (
			);
			runOnlyForDeploymentPostprocessing = 0;
		};
		3CB25F452E1EE02A009F59A7 /* Resources */ = {
			isa = PBXResourcesBuildPhase;
			buildActionMask = 2147483647;
			files = (
			);
			runOnlyForDeploymentPostprocessing = 0;
		};
/* End PBXResourcesBuildPhase section */

/* Begin PBXSourcesBuildPhase section */
		3CB25F2A2E1EE028009F59A7 /* Sources */ = {
			isa = PBXSourcesBuildPhase;
			buildActionMask = 2147483647;
			files = (
				3CB25F5B2E1EE109009F59A7 /* Trip.swift in Sources */,
				3CB25F5D2E1EE491009F59A7 /* Place.swift in Sources */,
			);
			runOnlyForDeploymentPostprocessing = 0;
		};
		3CB25F392E1EE02A009F59A7 /* Sources */ = {
			isa = PBXSourcesBuildPhase;
			buildActionMask = 2147483647;
			files = (
			);
			runOnlyForDeploymentPostprocessing = 0;
		};
		3CB25F432E1EE02A009F59A7 /* Sources */ = {
			isa = PBXSourcesBuildPhase;
			buildActionMask = 2147483647;
			files = (
			);
			runOnlyForDeploymentPostprocessing = 0;
		};
/* End PBXSourcesBuildPhase section */

/* Begin PBXTargetDependency section */
		3CB25F3F2E1EE02A009F59A7 /* PBXTargetDependency */ = {
			isa = PBXTargetDependency;
			target = 3CB25F2D2E1EE028009F59A7 /* Pinvoy */;
			targetProxy = 3CB25F3E2E1EE02A009F59A7 /* PBXContainerItemProxy */;
		};
		3CB25F492E1EE02A009F59A7 /* PBXTargetDependency */ = {
			isa = PBXTargetDependency;
			target = 3CB25F2D2E1EE028009F59A7 /* Pinvoy */;
			targetProxy = 3CB25F482E1EE02A009F59A7 /* PBXContainerItemProxy */;
		};
/* End PBXTargetDependency section */

/* Begin XCBuildConfiguration section */
		3CB25F4F2E1EE02A009F59A7 /* Debug */ = {
			isa = XCBuildConfiguration;
			buildSettings = {
				ALWAYS_SEARCH_USER_PATHS = NO;
				ASSETCATALOG_COMPILER_GENERATE_SWIFT_ASSET_SYMBOL_EXTENSIONS = YES;
				CLANG_ANALYZER_NONNULL = YES;
				CLANG_ANALYZER_NUMBER_OBJECT_CONVERSION = YES_AGGRESSIVE;
				CLANG_CXX_LANGUAGE_STANDARD = "gnu++20";
				CLANG_ENABLE_MODULES = YES;
				CLANG_ENABLE_OBJC_ARC = YES;
				CLANG_ENABLE_OBJC_WEAK = YES;
				CLANG_WARN_BLOCK_CAPTURE_AUTORELEASING = YES;
				CLANG_WARN_BOOL_CONVERSION = YES;
				CLANG_WARN_COMMA = YES;
				CLANG_WARN_CONSTANT_CONVERSION = YES;
				CLANG_WARN_DEPRECATED_OBJC_IMPLEMENTATIONS = YES;
				CLANG_WARN_DIRECT_OBJC_ISA_USAGE = YES_ERROR;
				CLANG_WARN_DOCUMENTATION_COMMENTS = YES;
				CLANG_WARN_EMPTY_BODY = YES;
				CLANG_WARN_ENUM_CONVERSION = YES;
				CLANG_WARN_INFINITE_RECURSION = YES;
				CLANG_WARN_INT_CONVERSION = YES;
				CLANG_WARN_NON_LITERAL_NULL_CONVERSION = YES;
				CLANG_WARN_OBJC_IMPLICIT_RETAIN_SELF = YES;
				CLANG_WARN_OBJC_LITERAL_CONVERSION = YES;
				CLANG_WARN_OBJC_ROOT_CLASS = YES_ERROR;
				CLANG_WARN_QUOTED_INCLUDE_IN_FRAMEWORK_HEADER = YES;
				CLANG_WARN_RANGE_LOOP_ANALYSIS = YES;
				CLANG_WARN_STRICT_PROTOTYPES = YES;
				CLANG_WARN_SUSPICIOUS_MOVE = YES;
				CLANG_WARN_UNGUARDED_AVAILABILITY = YES_AGGRESSIVE;
				CLANG_WARN_UNREACHABLE_CODE = YES;
				CLANG_WARN__DUPLICATE_METHOD_MATCH = YES;
				COPY_PHASE_STRIP = NO;
				DEBUG_INFORMATION_FORMAT = dwarf;
				ENABLE_STRICT_OBJC_MSGSEND = YES;
				ENABLE_TESTABILITY = YES;
				ENABLE_USER_SCRIPT_SANDBOXING = YES;
				GCC_C_LANGUAGE_STANDARD = gnu17;
				GCC_DYNAMIC_NO_PIC = NO;
				GCC_NO_COMMON_BLOCKS = YES;
				GCC_OPTIMIZATION_LEVEL = 0;
				GCC_PREPROCESSOR_DEFINITIONS = (
					"DEBUG=1",
					"$(inherited)",
				);
				GCC_WARN_64_TO_32_BIT_CONVERSION = YES;
				GCC_WARN_ABOUT_RETURN_TYPE = YES_ERROR;
				GCC_WARN_UNDECLARED_SELECTOR = YES;
				GCC_WARN_UNINITIALIZED_AUTOS = YES_AGGRESSIVE;
				GCC_WARN_UNUSED_FUNCTION = YES;
				GCC_WARN_UNUSED_VARIABLE = YES;
				IPHONEOS_DEPLOYMENT_TARGET = 18.5;
				LOCALIZATION_PREFERS_STRING_CATALOGS = YES;
				MTL_ENABLE_DEBUG_INFO = INCLUDE_SOURCE;
				MTL_FAST_MATH = YES;
				ONLY_ACTIVE_ARCH = YES;
				SDKROOT = iphoneos;
				SWIFT_ACTIVE_COMPILATION_CONDITIONS = "DEBUG $(inherited)";
				SWIFT_OPTIMIZATION_LEVEL = "-Onone";
			};
			name = Debug;
		};
		3CB25F502E1EE02A009F59A7 /* Release */ = {
			isa = XCBuildConfiguration;
			buildSettings = {
				ALWAYS_SEARCH_USER_PATHS = NO;
				ASSETCATALOG_COMPILER_GENERATE_SWIFT_ASSET_SYMBOL_EXTENSIONS = YES;
				CLANG_ANALYZER_NONNULL = YES;
				CLANG_ANALYZER_NUMBER_OBJECT_CONVERSION = YES_AGGRESSIVE;
				CLANG_CXX_LANGUAGE_STANDARD = "gnu++20";
				CLANG_ENABLE_MODULES = YES;
				CLANG_ENABLE_OBJC_ARC = YES;
				CLANG_ENABLE_OBJC_WEAK = YES;
				CLANG_WARN_BLOCK_CAPTURE_AUTORELEASING = YES;
				CLANG_WARN_BOOL_CONVERSION = YES;
				CLANG_WARN_COMMA = YES;
				CLANG_WARN_CONSTANT_CONVERSION = YES;
				CLANG_WARN_DEPRECATED_OBJC_IMPLEMENTATIONS = YES;
				CLANG_WARN_DIRECT_OBJC_ISA_USAGE = YES_ERROR;
				CLANG_WARN_DOCUMENTATION_COMMENTS = YES;
				CLANG_WARN_EMPTY_BODY = YES;
				CLANG_WARN_ENUM_CONVERSION = YES;
				CLANG_WARN_INFINITE_RECURSION = YES;
				CLANG_WARN_INT_CONVERSION = YES;
				CLANG_WARN_NON_LITERAL_NULL_CONVERSION = YES;
				CLANG_WARN_OBJC_IMPLICIT_RETAIN_SELF = YES;
				CLANG_WARN_OBJC_LITERAL_CONVERSION = YES;
				CLANG_WARN_OBJC_ROOT_CLASS = YES_ERROR;
				CLANG_WARN_QUOTED_INCLUDE_IN_FRAMEWORK_HEADER = YES;
				CLANG_WARN_RANGE_LOOP_ANALYSIS = YES;
				CLANG_WARN_STRICT_PROTOTYPES = YES;
				CLANG_WARN_SUSPICIOUS_MOVE = YES;
				CLANG_WARN_UNGUARDED_AVAILABILITY = YES_AGGRESSIVE;
				CLANG_WARN_UNREACHABLE_CODE = YES;
				CLANG_WARN__DUPLICATE_METHOD_MATCH = YES;
				COPY_PHASE_STRIP = NO;
				DEBUG_INFORMATION_FORMAT = "dwarf-with-dsym";
				ENABLE_NS_ASSERTIONS = NO;
				ENABLE_STRICT_OBJC_MSGSEND = YES;
				ENABLE_USER_SCRIPT_SANDBOXING = YES;
				GCC_C_LANGUAGE_STANDARD = gnu17;
				GCC_NO_COMMON_BLOCKS = YES;
				GCC_WARN_64_TO_32_BIT_CONVERSION = YES;
				GCC_WARN_ABOUT_RETURN_TYPE = YES_ERROR;
				GCC_WARN_UNDECLARED_SELECTOR = YES;
				GCC_WARN_UNINITIALIZED_AUTOS = YES_AGGRESSIVE;
				GCC_WARN_UNUSED_FUNCTION = YES;
				GCC_WARN_UNUSED_VARIABLE = YES;
				IPHONEOS_DEPLOYMENT_TARGET = 18.5;
				LOCALIZATION_PREFERS_STRING_CATALOGS = YES;
				MTL_ENABLE_DEBUG_INFO = NO;
				MTL_FAST_MATH = YES;
				SDKROOT = iphoneos;
				SWIFT_COMPILATION_MODE = wholemodule;
				VALIDATE_PRODUCT = YES;
			};
			name = Release;
		};
		3CB25F522E1EE02A009F59A7 /* Debug */ = {
			isa = XCBuildConfiguration;
			buildSettings = {
				ASSETCATALOG_COMPILER_APPICON_NAME = AppIcon;
				ASSETCATALOG_COMPILER_GLOBAL_ACCENT_COLOR_NAME = AccentColor;
				CODE_SIGN_STYLE = Automatic;
				CURRENT_PROJECT_VERSION = 1;
				ENABLE_PREVIEWS = YES;
				GENERATE_INFOPLIST_FILE = YES;
				INFOPLIST_KEY_UIApplicationSceneManifest_Generation = YES;
				INFOPLIST_KEY_UIApplicationSupportsIndirectInputEvents = YES;
				INFOPLIST_KEY_UILaunchScreen_Generation = YES;
				INFOPLIST_KEY_UISupportedInterfaceOrientations_iPad = "UIInterfaceOrientationPortrait UIInterfaceOrientationPortraitUpsideDown UIInterfaceOrientationLandscapeLeft UIInterfaceOrientationLandscapeRight";
				INFOPLIST_KEY_UISupportedInterfaceOrientations_iPhone = "UIInterfaceOrientationPortrait UIInterfaceOrientationLandscapeLeft UIInterfaceOrientationLandscapeRight";
				LD_RUNPATH_SEARCH_PATHS = (
					"$(inherited)",
					"@executable_path/Frameworks",
				);
				MARKETING_VERSION = 1.0;
				PRODUCT_BUNDLE_IDENTIFIER = io.github.strwbee.Pinvoy;
				PRODUCT_NAME = "$(TARGET_NAME)";
				SWIFT_EMIT_LOC_STRINGS = YES;
				SWIFT_VERSION = 5.0;
				TARGETED_DEVICE_FAMILY = "1,2";
			};
			name = Debug;
		};
		3CB25F532E1EE02A009F59A7 /* Release */ = {
			isa = XCBuildConfiguration;
			buildSettings = {
				ASSETCATALOG_COMPILER_APPICON_NAME = AppIcon;
				ASSETCATALOG_COMPILER_GLOBAL_ACCENT_COLOR_NAME = AccentColor;
				CODE_SIGN_STYLE = Automatic;
				CURRENT_PROJECT_VERSION = 1;
				ENABLE_PREVIEWS = YES;
				GENERATE_INFOPLIST_FILE = YES;
				INFOPLIST_KEY_UIApplicationSceneManifest_Generation = YES;
				INFOPLIST_KEY_UIApplicationSupportsIndirectInputEvents = YES;
				INFOPLIST_KEY_UILaunchScreen_Generation = YES;
				INFOPLIST_KEY_UISupportedInterfaceOrientations_iPad = "UIInterfaceOrientationPortrait UIInterfaceOrientationPortraitUpsideDown UIInterfaceOrientationLandscapeLeft UIInterfaceOrientationLandscapeRight";
				INFOPLIST_KEY_UISupportedInterfaceOrientations_iPhone = "UIInterfaceOrientationPortrait UIInterfaceOrientationLandscapeLeft UIInterfaceOrientationLandscapeRight";
				LD_RUNPATH_SEARCH_PATHS = (
					"$(inherited)",
					"@executable_path/Frameworks",
				);
				MARKETING_VERSION = 1.0;
				PRODUCT_BUNDLE_IDENTIFIER = io.github.strwbee.Pinvoy;
				PRODUCT_NAME = "$(TARGET_NAME)";
				SWIFT_EMIT_LOC_STRINGS = YES;
				SWIFT_VERSION = 5.0;
				TARGETED_DEVICE_FAMILY = "1,2";
			};
			name = Release;
		};
		3CB25F552E1EE02A009F59A7 /* Debug */ = {
			isa = XCBuildConfiguration;
			buildSettings = {
				BUNDLE_LOADER = "$(TEST_HOST)";
				CODE_SIGN_STYLE = Automatic;
				CURRENT_PROJECT_VERSION = 1;
				GENERATE_INFOPLIST_FILE = YES;
				IPHONEOS_DEPLOYMENT_TARGET = 18.5;
				MARKETING_VERSION = 1.0;
				PRODUCT_BUNDLE_IDENTIFIER = io.github.strwbee.PinvoyTests;
				PRODUCT_NAME = "$(TARGET_NAME)";
				SWIFT_EMIT_LOC_STRINGS = NO;
				SWIFT_VERSION = 5.0;
				TARGETED_DEVICE_FAMILY = "1,2";
				TEST_HOST = "$(BUILT_PRODUCTS_DIR)/Pinvoy.app/$(BUNDLE_EXECUTABLE_FOLDER_PATH)/Pinvoy";
			};
			name = Debug;
		};
		3CB25F562E1EE02A009F59A7 /* Release */ = {
			isa = XCBuildConfiguration;
			buildSettings = {
				BUNDLE_LOADER = "$(TEST_HOST)";
				CODE_SIGN_STYLE = Automatic;
				CURRENT_PROJECT_VERSION = 1;
				GENERATE_INFOPLIST_FILE = YES;
				IPHONEOS_DEPLOYMENT_TARGET = 18.5;
				MARKETING_VERSION = 1.0;
				PRODUCT_BUNDLE_IDENTIFIER = io.github.strwbee.PinvoyTests;
				PRODUCT_NAME = "$(TARGET_NAME)";
				SWIFT_EMIT_LOC_STRINGS = NO;
				SWIFT_VERSION = 5.0;
				TARGETED_DEVICE_FAMILY = "1,2";
				TEST_HOST = "$(BUILT_PRODUCTS_DIR)/Pinvoy.app/$(BUNDLE_EXECUTABLE_FOLDER_PATH)/Pinvoy";
			};
			name = Release;
		};
		3CB25F582E1EE02A009F59A7 /* Debug */ = {
			isa = XCBuildConfiguration;
			buildSettings = {
				CODE_SIGN_STYLE = Automatic;
				CURRENT_PROJECT_VERSION = 1;
				GENERATE_INFOPLIST_FILE = YES;
				MARKETING_VERSION = 1.0;
				PRODUCT_BUNDLE_IDENTIFIER = io.github.strwbee.PinvoyUITests;
				PRODUCT_NAME = "$(TARGET_NAME)";
				SWIFT_EMIT_LOC_STRINGS = NO;
				SWIFT_VERSION = 5.0;
				TARGETED_DEVICE_FAMILY = "1,2";
				TEST_TARGET_NAME = Pinvoy;
			};
			name = Debug;
		};
		3CB25F592E1EE02A009F59A7 /* Release */ = {
			isa = XCBuildConfiguration;
			buildSettings = {
				CODE_SIGN_STYLE = Automatic;
				CURRENT_PROJECT_VERSION = 1;
				GENERATE_INFOPLIST_FILE = YES;
				MARKETING_VERSION = 1.0;
				PRODUCT_BUNDLE_IDENTIFIER = io.github.strwbee.PinvoyUITests;
				PRODUCT_NAME = "$(TARGET_NAME)";
				SWIFT_EMIT_LOC_STRINGS = NO;
				SWIFT_VERSION = 5.0;
				TARGETED_DEVICE_FAMILY = "1,2";
				TEST_TARGET_NAME = Pinvoy;
			};
			name = Release;
		};
/* End XCBuildConfiguration section */

/* Begin XCConfigurationList section */
		3CB25F292E1EE028009F59A7 /* Build configuration list for PBXProject "Pinvoy" */ = {
			isa = XCConfigurationList;
			buildConfigurations = (
				3CB25F4F2E1EE02A009F59A7 /* Debug */,
				3CB25F502E1EE02A009F59A7 /* Release */,
			);
			defaultConfigurationIsVisible = 0;
			defaultConfigurationName = Release;
		};
		3CB25F512E1EE02A009F59A7 /* Build configuration list for PBXNativeTarget "Pinvoy" */ = {
			isa = XCConfigurationList;
			buildConfigurations = (
				3CB25F522E1EE02A009F59A7 /* Debug */,
				3CB25F532E1EE02A009F59A7 /* Release */,
			);
			defaultConfigurationIsVisible = 0;
			defaultConfigurationName = Release;
		};
		3CB25F542E1EE02A009F59A7 /* Build configuration list for PBXNativeTarget "PinvoyTests" */ = {
			isa = XCConfigurationList;
			buildConfigurations = (
				3CB25F552E1EE02A009F59A7 /* Debug */,
				3CB25F562E1EE02A009F59A7 /* Release */,
			);
			defaultConfigurationIsVisible = 0;
			defaultConfigurationName = Release;
		};
		3CB25F572E1EE02A009F59A7 /* Build configuration list for PBXNativeTarget "PinvoyUITests" */ = {
			isa = XCConfigurationList;
			buildConfigurations = (
				3CB25F582E1EE02A009F59A7 /* Debug */,
				3CB25F592E1EE02A009F59A7 /* Release */,
			);
			defaultConfigurationIsVisible = 0;
			defaultConfigurationName = Release;
		};
/* End XCConfigurationList section */
	};
	rootObject = 3CB25F262E1EE028009F59A7 /* Project object */;
}
